
Microsoft Visual Studio Solution File, Format Version 12.00
# Visual Studio Version 16
VisualStudioVersion = 16.0.31424.327
MinimumVisualStudioVersion = 10.0.40219.1
Project("{FAE04EC0-301F-11D3-BF4B-00C04F79EFBC}") = "SinemaUygulamasi_G024", "SinemaUygulamasi_G024\SinemaUygulamasi_G024.csproj", "{DEFAF420-F6D1-48D5-ADC1-F68B2DB6AC23}"
EndProject
Global
	GlobalSection(SolutionConfigurationPlatforms) = preSolution
		Debug|Any CPU = Debug|Any CPU
		Release|Any CPU = Release|Any CPU
	EndGlobalSection
	GlobalSection(ProjectConfigurationPlatforms) = postSolution
		{DEFAF420-F6D1-48D5-ADC1-F68B2DB6AC23}.Debug|Any CPU.ActiveCfg = Debug|Any CPU
		{DEFAF420-F6D1-48D5-ADC1-F68B2DB6AC23}.Debug|Any CPU.Build.0 = Debug|Any CPU
		{DEFAF420-F6D1-48D5-ADC1-F68B2DB6AC23}.Release|Any CPU.ActiveCfg = Release|Any CPU
		{DEFAF420-F6D1-48D5-ADC1-F68B2DB6AC23}.Release|Any CPU.Build.0 = Release|Any CPU
	EndGlobalSection
	GlobalSection(SolutionProperties) = preSolution
		HideSolutionNode = FALSE
	EndGlobalSection
	GlobalSection(ExtensibilityGlobals) = postSolution
		SolutionGuid = {96ED3F1C-27A4-4736-BAA5-7ADE1F2E2AB1}
	EndGlobalSection
EndGlobal
